
Microsoft Visual Studio Solution File, Format Version 12.00
# Visual Studio 15
VisualStudioVersion = 15.0.28306.52
MinimumVisualStudioVersion = 10.0.40219.1
Project("{888888A0-9F3D-457C-B088-3A5042F75D52}") = "TestScikt_01", "TestScikt_01\TestScikt_01.pyproj", "{78440627-669E-4673-B05D-404E3D35C3CE}"
EndProject
Global
	GlobalSection(SolutionConfigurationPlatforms) = preSolution
		Debug|Any CPU = Debug|Any CPU
		Release|Any CPU = Release|Any CPU
	EndGlobalSection
	GlobalSection(ProjectConfigurationPlatforms) = postSolution
		{78440627-669E-4673-B05D-404E3D35C3CE}.Debug|Any CPU.ActiveCfg = Debug|Any CPU
		{78440627-669E-4673-B05D-404E3D35C3CE}.Release|Any CPU.ActiveCfg = Release|Any CPU
	EndGlobalSection
	GlobalSection(SolutionProperties) = preSolution
		HideSolutionNode = FALSE
	EndGlobalSection
	GlobalSection(ExtensibilityGlobals) = postSolution
		SolutionGuid = {47CA640D-833D-4E24-8ED3-BF1A38178C80}
	EndGlobalSection
EndGlobal
